honnef.co/go/js/dom/v2 v2.0.0-20250304181735-b5e52f05e89d h1:ONCmIS7pmOp+CZaqNKu7umBrvOnmthfmPbs4ZMR9v+U=
honnef.co/go/js/dom/v2 v2.0.0-20250304181735-b5e52f05e89d/go.mod h1:+JtEcbinwR4znM12aluJ3WjKgvhDPKPQ8hnP4YM+4jI=
maragu.dev/gomponents v1.2.0 h1:H7/N5htz1GCnhu0HB1GasluWeU2rJZOYztVEyN61iTc=
maragu.dev/gomponents v1.2.0/go.mod h1:oEDahza2gZoXDoDHhw8jBNgH+3UR5ni7Ur648HORydM=
